
Microsoft Visual Studio Solution File, Format Version 12.00
# Visual Studio Version 17
VisualStudioVersion = 17.7.34009.444
MinimumVisualStudioVersion = 10.0.40219.1
Project("{9A19103F-16F7-4668-BE54-9A1E7A4F7556}") = "crud", "crud.csproj", "{F6602735-A0B6-4977-9EDF-2AACF24FDB4C}"
EndProject
Project("{FAE04EC0-301F-11D3-BF4B-00C04F79EFBC}") = "TestCrud", "TestCrud\TestCrud.csproj", "{21869F59-AB5D-4204-9B0F-82D75EC40D6A}"
EndProject
Global
	GlobalSection(SolutionConfigurationPlatforms) = preSolution
		Debug|Any CPU = Debug|Any CPU
		Release|Any CPU = Release|Any CPU
	EndGlobalSection
	GlobalSection(ProjectConfigurationPlatforms) = postSolution
		{F6602735-A0B6-4977-9EDF-2AACF24FDB4C}.Debug|Any CPU.ActiveCfg = Debug|Any CPU
		{F6602735-A0B6-4977-9EDF-2AACF24FDB4C}.Debug|Any CPU.Build.0 = Debug|Any CPU
		{F6602735-A0B6-4977-9EDF-2AACF24FDB4C}.Release|Any CPU.ActiveCfg = Release|Any CPU
		{F6602735-A0B6-4977-9EDF-2AACF24FDB4C}.Release|Any CPU.Build.0 = Release|Any CPU
		{21869F59-AB5D-4204-9B0F-82D75EC40D6A}.Debug|Any CPU.ActiveCfg = Debug|Any CPU
		{21869F59-AB5D-4204-9B0F-82D75EC40D6A}.Debug|Any CPU.Build.0 = Debug|Any CPU
		{21869F59-AB5D-4204-9B0F-82D75EC40D6A}.Release|Any CPU.ActiveCfg = Release|Any CPU
		{21869F59-AB5D-4204-9B0F-82D75EC40D6A}.Release|Any CPU.Build.0 = Release|Any CPU
	EndGlobalSection
	GlobalSection(SolutionProperties) = preSolution
		HideSolutionNode = FALSE
	EndGlobalSection
	GlobalSection(ExtensibilityGlobals) = postSolution
		SolutionGuid = {D194F542-15A7-46B5-BA18-539D0A265083}
	EndGlobalSection
EndGlobal
